
Microsoft Visual Studio Solution File, Format Version 12.00
# Visual Studio 15
Project("{FAE04EC0-301F-11D3-BF4B-00C04F79EFBC}") = "Assembly-CSharp", "Assembly-CSharp.csproj", "{6F6EC385-A9D3-CB05-D49D-77EBB521615C}"
EndProject
Project("{FAE04EC0-301F-11D3-BF4B-00C04F79EFBC}") = "Assembly-CSharp-Editor", "Assembly-CSharp-Editor.csproj", "{F4242D0C-CA2F-75FD-E450-CD1DD8CAE581}"
EndProject
Global
	GlobalSection(SolutionConfigurationPlatforms) = preSolution
		Debug|Any CPU = Debug|Any CPU
		Release|Any CPU = Release|Any CPU
	EndGlobalSection
	GlobalSection(ProjectConfigurationPlatforms) = postSolution
		{6F6EC385-A9D3-CB05-D49D-77EBB521615C}.Debug|Any CPU.ActiveCfg = Debug|Any CPU
		{6F6EC385-A9D3-CB05-D49D-77EBB521615C}.Debug|Any CPU.Build.0 = Debug|Any CPU
		{6F6EC385-A9D3-CB05-D49D-77EBB521615C}.Release|Any CPU.ActiveCfg = Release|Any CPU
		{6F6EC385-A9D3-CB05-D49D-77EBB521615C}.Release|Any CPU.Build.0 = Release|Any CPU
		{F4242D0C-CA2F-75FD-E450-CD1DD8CAE581}.Debug|Any CPU.ActiveCfg = Debug|Any CPU
		{F4242D0C-CA2F-75FD-E450-CD1DD8CAE581}.Debug|Any CPU.Build.0 = Debug|Any CPU
		{F4242D0C-CA2F-75FD-E450-CD1DD8CAE581}.Release|Any CPU.ActiveCfg = Release|Any CPU
		{F4242D0C-CA2F-75FD-E450-CD1DD8CAE581}.Release|Any CPU.Build.0 = Release|Any CPU
	EndGlobalSection
	GlobalSection(SolutionProperties) = preSolution
		HideSolutionNode = FALSE
	EndGlobalSection
EndGlobal
